
Microsoft Visual Studio Solution File, Format Version 12.00
# Visual Studio Version 17
VisualStudioVersion = 17.9.34728.123
MinimumVisualStudioVersion = 10.0.40219.1
Project("{9A19103F-16F7-4668-BE54-9A1E7A4F7556}") = "Flightmanager.Server", "Flightmanager.Server\Flightmanager.Server.csproj", "{F22A9E48-1D50-45F7-BF0B-D8A4BF943108}"
EndProject
Project("{9A19103F-16F7-4668-BE54-9A1E7A4F7556}") = "Flightmanager.Login", "Flightmanager.Login\Flightmanager.Login.csproj", "{46F91543-26F9-479F-82A1-646B4507BFF8}"
	ProjectSection(ProjectDependencies) = postProject
		{F22A9E48-1D50-45F7-BF0B-D8A4BF943108} = {F22A9E48-1D50-45F7-BF0B-D8A4BF943108}
	EndProjectSection
EndProject
Project("{FAE04EC0-301F-11D3-BF4B-00C04F79EFBC}") = "TestApis", "TestApis\TestApis.csproj", "{48119ED7-1306-4572-933B-AD423FAA0770}"
EndProject
Global
	GlobalSection(SolutionConfigurationPlatforms) = preSolution
		Debug|Any CPU = Debug|Any CPU
		Flightmanager.client|Any CPU = Flightmanager.client|Any CPU
		Release|Any CPU = Release|Any CPU
	EndGlobalSection
	GlobalSection(ProjectConfigurationPlatforms) = postSolution
		{F22A9E48-1D50-45F7-BF0B-D8A4BF943108}.Debug|Any CPU.ActiveCfg = Debug|Any CPU
		{F22A9E48-1D50-45F7-BF0B-D8A4BF943108}.Debug|Any CPU.Build.0 = Debug|Any CPU
		{F22A9E48-1D50-45F7-BF0B-D8A4BF943108}.Flightmanager.client|Any CPU.ActiveCfg = Debug|Any CPU
		{F22A9E48-1D50-45F7-BF0B-D8A4BF943108}.Flightmanager.client|Any CPU.Build.0 = Debug|Any CPU
		{F22A9E48-1D50-45F7-BF0B-D8A4BF943108}.Release|Any CPU.ActiveCfg = Release|Any CPU
		{F22A9E48-1D50-45F7-BF0B-D8A4BF943108}.Release|Any CPU.Build.0 = Release|Any CPU
		{F22A9E48-1D50-45F7-BF0B-D8A4BF943108}.Debug|Any CPU.Deploy.0 = Debug|Any CPU
		{F22A9E48-1D50-45F7-BF0B-D8A4BF943108}.Release|Any CPU.Deploy.0 = Release|Any CPU
		{46F91543-26F9-479F-82A1-646B4507BFF8}.Debug|Any CPU.ActiveCfg = Debug|Any CPU
		{46F91543-26F9-479F-82A1-646B4507BFF8}.Debug|Any CPU.Build.0 = Debug|Any CPU
		{46F91543-26F9-479F-82A1-646B4507BFF8}.Flightmanager.client|Any CPU.ActiveCfg = Debug|Any CPU
		{46F91543-26F9-479F-82A1-646B4507BFF8}.Flightmanager.client|Any CPU.Build.0 = Debug|Any CPU
		{46F91543-26F9-479F-82A1-646B4507BFF8}.Release|Any CPU.ActiveCfg = Release|Any CPU
		{46F91543-26F9-479F-82A1-646B4507BFF8}.Release|Any CPU.Build.0 = Release|Any CPU
		{46F91543-26F9-479F-82A1-646B4507BFF8}.Debug|Any CPU.Deploy.0 = Debug|Any CPU
		{46F91543-26F9-479F-82A1-646B4507BFF8}.Release|Any CPU.Deploy.0 = Release|Any CPU
		{48119ED7-1306-4572-933B-AD423FAA0770}.Debug|Any CPU.ActiveCfg = Debug|Any CPU
		{48119ED7-1306-4572-933B-AD423FAA0770}.Debug|Any CPU.Build.0 = Debug|Any CPU
		{48119ED7-1306-4572-933B-AD423FAA0770}.Flightmanager.client|Any CPU.ActiveCfg = Debug|Any CPU
		{48119ED7-1306-4572-933B-AD423FAA0770}.Flightmanager.client|Any CPU.Build.0 = Debug|Any CPU
		{48119ED7-1306-4572-933B-AD423FAA0770}.Release|Any CPU.ActiveCfg = Release|Any CPU
		{48119ED7-1306-4572-933B-AD423FAA0770}.Release|Any CPU.Build.0 = Release|Any CPU
		{48119ED7-1306-4572-933B-AD423FAA0770}.Debug|Any CPU.Deploy.0 = Debug|Any CPU
		{48119ED7-1306-4572-933B-AD423FAA0770}.Release|Any CPU.Deploy.0 = Release|Any CPU
	EndGlobalSection
	GlobalSection(SolutionProperties) = preSolution
		HideSolutionNode = FALSE
	EndGlobalSection
	GlobalSection(ExtensibilityGlobals) = postSolution
		SolutionGuid = {E731E61D-ED5D-4A64-A7AB-91B89515D3EF}
	EndGlobalSection
EndGlobal
